
Microsoft Visual Studio Solution File, Format Version 12.00
# Visual Studio 15
VisualStudioVersion = 15.0.26430.15
MinimumVisualStudioVersion = 10.0.40219.1
Project("{FAE04EC0-301F-11D3-BF4B-00C04F79EFBC}") = "RecordWebAPI", "RecordWebAPI\RecordWebAPI.csproj", "{385A9B78-9F00-4609-8B35-81F3524B0DAB}"
EndProject
Project("{FAE04EC0-301F-11D3-BF4B-00C04F79EFBC}") = "EF.Core", "EF.Core\EF.Core.csproj", "{F6B6BEBC-47A6-4FC0-B2FC-3F31E3DF8055}"
EndProject
Project("{FAE04EC0-301F-11D3-BF4B-00C04F79EFBC}") = "EF.Data", "EF.Data\EF.Data.csproj", "{46177E75-201C-40DE-A96A-B85EA53AF57E}"
EndProject
Project("{FAE04EC0-301F-11D3-BF4B-00C04F79EFBC}") = "EF.DataTests1", "EF.DataTests1\EF.DataTests1.csproj", "{29B8A5E5-B56A-48D5-822D-EB7705599088}"
EndProject
Project("{FAE04EC0-301F-11D3-BF4B-00C04F79EFBC}") = "OwinService", "OwinService\OwinService.csproj", "{B625FCCD-4D0A-458F-833D-22B1BFDDE64B}"
EndProject
Project("{FAE04EC0-301F-11D3-BF4B-00C04F79EFBC}") = "Services", "Services\Services.csproj", "{73E585D8-F021-4E75-A213-7A2134B487F1}"
EndProject
Project("{FAE04EC0-301F-11D3-BF4B-00C04F79EFBC}") = "OdataClient", "OdataClient\OdataClient.csproj", "{6A13668C-B28C-4154-BAF3-0B906C1112CA}"
EndProject
Project("{FAE04EC0-301F-11D3-BF4B-00C04F79EFBC}") = "SimpleODataClient", "SimpleODataClient\SimpleODataClient.csproj", "{768A87B4-F1BB-48C1-819D-397034688834}"
EndProject
Global
	GlobalSection(SolutionConfigurationPlatforms) = preSolution
		Debug|Any CPU = Debug|Any CPU
		Release|Any CPU = Release|Any CPU
	EndGlobalSection
	GlobalSection(ProjectConfigurationPlatforms) = postSolution
		{385A9B78-9F00-4609-8B35-81F3524B0DAB}.Debug|Any CPU.ActiveCfg = Debug|Any CPU
		{385A9B78-9F00-4609-8B35-81F3524B0DAB}.Debug|Any CPU.Build.0 = Debug|Any CPU
		{385A9B78-9F00-4609-8B35-81F3524B0DAB}.Release|Any CPU.ActiveCfg = Release|Any CPU
		{385A9B78-9F00-4609-8B35-81F3524B0DAB}.Release|Any CPU.Build.0 = Release|Any CPU
		{F6B6BEBC-47A6-4FC0-B2FC-3F31E3DF8055}.Debug|Any CPU.ActiveCfg = Debug|Any CPU
		{F6B6BEBC-47A6-4FC0-B2FC-3F31E3DF8055}.Debug|Any CPU.Build.0 = Debug|Any CPU
		{F6B6BEBC-47A6-4FC0-B2FC-3F31E3DF8055}.Release|Any CPU.ActiveCfg = Release|Any CPU
		{F6B6BEBC-47A6-4FC0-B2FC-3F31E3DF8055}.Release|Any CPU.Build.0 = Release|Any CPU
		{46177E75-201C-40DE-A96A-B85EA53AF57E}.Debug|Any CPU.ActiveCfg = Debug|Any CPU
		{46177E75-201C-40DE-A96A-B85EA53AF57E}.Debug|Any CPU.Build.0 = Debug|Any CPU
		{46177E75-201C-40DE-A96A-B85EA53AF57E}.Release|Any CPU.ActiveCfg = Release|Any CPU
		{46177E75-201C-40DE-A96A-B85EA53AF57E}.Release|Any CPU.Build.0 = Release|Any CPU
		{29B8A5E5-B56A-48D5-822D-EB7705599088}.Debug|Any CPU.ActiveCfg = Debug|Any CPU
		{29B8A5E5-B56A-48D5-822D-EB7705599088}.Debug|Any CPU.Build.0 = Debug|Any CPU
		{29B8A5E5-B56A-48D5-822D-EB7705599088}.Release|Any CPU.ActiveCfg = Release|Any CPU
		{29B8A5E5-B56A-48D5-822D-EB7705599088}.Release|Any CPU.Build.0 = Release|Any CPU
		{B625FCCD-4D0A-458F-833D-22B1BFDDE64B}.Debug|Any CPU.ActiveCfg = Debug|Any CPU
		{B625FCCD-4D0A-458F-833D-22B1BFDDE64B}.Debug|Any CPU.Build.0 = Debug|Any CPU
		{B625FCCD-4D0A-458F-833D-22B1BFDDE64B}.Release|Any CPU.ActiveCfg = Release|Any CPU
		{B625FCCD-4D0A-458F-833D-22B1BFDDE64B}.Release|Any CPU.Build.0 = Release|Any CPU
		{73E585D8-F021-4E75-A213-7A2134B487F1}.Debug|Any CPU.ActiveCfg = Debug|Any CPU
		{73E585D8-F021-4E75-A213-7A2134B487F1}.Debug|Any CPU.Build.0 = Debug|Any CPU
		{73E585D8-F021-4E75-A213-7A2134B487F1}.Release|Any CPU.ActiveCfg = Release|Any CPU
		{73E585D8-F021-4E75-A213-7A2134B487F1}.Release|Any CPU.Build.0 = Release|Any CPU
		{6A13668C-B28C-4154-BAF3-0B906C1112CA}.Debug|Any CPU.ActiveCfg = Debug|Any CPU
		{6A13668C-B28C-4154-BAF3-0B906C1112CA}.Debug|Any CPU.Build.0 = Debug|Any CPU
		{6A13668C-B28C-4154-BAF3-0B906C1112CA}.Release|Any CPU.ActiveCfg = Release|Any CPU
		{6A13668C-B28C-4154-BAF3-0B906C1112CA}.Release|Any CPU.Build.0 = Release|Any CPU
		{768A87B4-F1BB-48C1-819D-397034688834}.Debug|Any CPU.ActiveCfg = Debug|Any CPU
		{768A87B4-F1BB-48C1-819D-397034688834}.Debug|Any CPU.Build.0 = Debug|Any CPU
		{768A87B4-F1BB-48C1-819D-397034688834}.Release|Any CPU.ActiveCfg = Release|Any CPU
		{768A87B4-F1BB-48C1-819D-397034688834}.Release|Any CPU.Build.0 = Release|Any CPU
	EndGlobalSection
	GlobalSection(SolutionProperties) = preSolution
		HideSolutionNode = FALSE
	EndGlobalSection
EndGlobal
