
Microsoft Visual Studio Solution File, Format Version 12.00
# Visual Studio 15
VisualStudioVersion = 15.0.26403.7
MinimumVisualStudioVersion = 10.0.40219.1
Project("{FAE04EC0-301F-11D3-BF4B-00C04F79EFBC}") = "RecordWebAPI", "RecordWebAPI\RecordWebAPI.csproj", "{385A9B78-9F00-4609-8B35-81F3524B0DAB}"
EndProject
Global
	GlobalSection(SolutionConfigurationPlatforms) = preSolution
		Debug|Any CPU = Debug|Any CPU
		Release|Any CPU = Release|Any CPU
	EndGlobalSection
	GlobalSection(ProjectConfigurationPlatforms) = postSolution
		{385A9B78-9F00-4609-8B35-81F3524B0DAB}.Debug|Any CPU.ActiveCfg = Debug|Any CPU
		{385A9B78-9F00-4609-8B35-81F3524B0DAB}.Debug|Any CPU.Build.0 = Debug|Any CPU
		{385A9B78-9F00-4609-8B35-81F3524B0DAB}.Release|Any CPU.ActiveCfg = Release|Any CPU
		{385A9B78-9F00-4609-8B35-81F3524B0DAB}.Release|Any CPU.Build.0 = Release|Any CPU
	EndGlobalSection
	GlobalSection(SolutionProperties) = preSolution
		HideSolutionNode = FALSE
	EndGlobalSection
EndGlobal
